
Microsoft Visual Studio Solution File, Format Version 12.00
Project("{2150E333-8FDC-42A3-9474-1A3956D46DE8}") = "src", "src", "{0823FEE7-2168-4AC5-96A6-9E78DED4577A}"
EndProject
Project("{2150E333-8FDC-42A3-9474-1A3956D46DE8}") = "tests", "tests", "{F730178A-8397-45D4-B083-B696AE868706}"
EndProject
Project("{FAE04EC0-301F-11D3-BF4B-00C04F79EFBC}") = "CPMS.API", "CPMS.API\CPMS.API.csproj", "{94CE30A4-9C7E-4AF4-AF16-4D54677B4B8B}"
EndProject
Project("{FAE04EC0-301F-11D3-BF4B-00C04F79EFBC}") = "CPMS.Proxy", "CPMS.Proxy\CPMS.Proxy.csproj", "{69E2C63C-EECF-4CF8-B48B-0B7446355225}"
EndProject
Project("{FAE04EC0-301F-11D3-BF4B-00C04F79EFBC}") = "CPMS.UnitTests", "CPMS.UnitTests\CPMS.UnitTests.csproj", "{981B7A2C-6F87-4B90-97CE-DCC43675A66C}"
EndProject
Project("{FAE04EC0-301F-11D3-BF4B-00C04F79EFBC}") = "CPMS.BuildingBlocks", "CPMS.BuildingBlocks\CPMS.BuildingBlocks.csproj", "{2F6A4D0C-6114-493B-BE54-C378CA68BAE7}"
EndProject
Global
	GlobalSection(SolutionConfigurationPlatforms) = preSolution
		Debug|Any CPU = Debug|Any CPU
		Release|Any CPU = Release|Any CPU
	EndGlobalSection
	GlobalSection(ProjectConfigurationPlatforms) = postSolution
		{94CE30A4-9C7E-4AF4-AF16-4D54677B4B8B}.Debug|Any CPU.ActiveCfg = Debug|Any CPU
		{94CE30A4-9C7E-4AF4-AF16-4D54677B4B8B}.Debug|Any CPU.Build.0 = Debug|Any CPU
		{94CE30A4-9C7E-4AF4-AF16-4D54677B4B8B}.Release|Any CPU.ActiveCfg = Release|Any CPU
		{94CE30A4-9C7E-4AF4-AF16-4D54677B4B8B}.Release|Any CPU.Build.0 = Release|Any CPU
		{69E2C63C-EECF-4CF8-B48B-0B7446355225}.Debug|Any CPU.ActiveCfg = Debug|Any CPU
		{69E2C63C-EECF-4CF8-B48B-0B7446355225}.Debug|Any CPU.Build.0 = Debug|Any CPU
		{69E2C63C-EECF-4CF8-B48B-0B7446355225}.Release|Any CPU.ActiveCfg = Release|Any CPU
		{69E2C63C-EECF-4CF8-B48B-0B7446355225}.Release|Any CPU.Build.0 = Release|Any CPU
		{981B7A2C-6F87-4B90-97CE-DCC43675A66C}.Debug|Any CPU.ActiveCfg = Debug|Any CPU
		{981B7A2C-6F87-4B90-97CE-DCC43675A66C}.Debug|Any CPU.Build.0 = Debug|Any CPU
		{981B7A2C-6F87-4B90-97CE-DCC43675A66C}.Release|Any CPU.ActiveCfg = Release|Any CPU
		{981B7A2C-6F87-4B90-97CE-DCC43675A66C}.Release|Any CPU.Build.0 = Release|Any CPU
		{2F6A4D0C-6114-493B-BE54-C378CA68BAE7}.Debug|Any CPU.ActiveCfg = Debug|Any CPU
		{2F6A4D0C-6114-493B-BE54-C378CA68BAE7}.Debug|Any CPU.Build.0 = Debug|Any CPU
		{2F6A4D0C-6114-493B-BE54-C378CA68BAE7}.Release|Any CPU.ActiveCfg = Release|Any CPU
		{2F6A4D0C-6114-493B-BE54-C378CA68BAE7}.Release|Any CPU.Build.0 = Release|Any CPU
	EndGlobalSection
	GlobalSection(NestedProjects) = preSolution
		{94CE30A4-9C7E-4AF4-AF16-4D54677B4B8B} = {0823FEE7-2168-4AC5-96A6-9E78DED4577A}
		{69E2C63C-EECF-4CF8-B48B-0B7446355225} = {0823FEE7-2168-4AC5-96A6-9E78DED4577A}
		{981B7A2C-6F87-4B90-97CE-DCC43675A66C} = {F730178A-8397-45D4-B083-B696AE868706}
		{2F6A4D0C-6114-493B-BE54-C378CA68BAE7} = {0823FEE7-2168-4AC5-96A6-9E78DED4577A}
	EndGlobalSection
EndGlobal
